// !$*UTF8*$!
{
	archiveVersion = 1;
	classes = {
	};
	objectVersion = 46;
	objects = {

/* Begin PBXBuildFile section */
		04D91A301BBAB23E00833C16 /* AppDelegate.swift in Sources */ = {isa = PBXBuildFile; fileRef = 04D91A2F1BBAB23E00833C16 /* AppDelegate.swift */; };
		04D91A321BBAB23E00833C16 /* ViewController.swift in Sources */ = {isa = PBXBuildFile; fileRef = 04D91A311BBAB23E00833C16 /* ViewController.swift */; };
		04D91A351BBAB23E00833C16 /* Main.storyboard in Resources */ = {isa = PBXBuildFile; fileRef = 04D91A331BBAB23E00833C16 /* Main.storyboard */; };
		04D91A371BBAB23E00833C16 /* Assets.xcassets in Resources */ = {isa = PBXBuildFile; fileRef = 04D91A361BBAB23E00833C16 /* Assets.xcassets */; };
		04D91A3A1BBAB23E00833C16 /* LaunchScreen.storyboard in Resources */ = {isa = PBXBuildFile; fileRef = 04D91A381BBAB23E00833C16 /* LaunchScreen.storyboard */; };
		04E582691BBAB526004A4BDD /* conrds-collect.js in Resources */ = {isa = PBXBuildFile; fileRef = 04E582681BBAB526004A4BDD /* conrds-collect.js */; settings = {ASSET_TAGS = (); }; };
/* End PBXBuildFile section */

/* Begin PBXFileReference section */
		04D91A2C1BBAB23E00833C16 /* ios-test.app */ = {isa = PBXFileReference; explicitFileType = wrapper.application; includeInIndex = 0; path = "ios-test.app"; sourceTree = BUILT_PRODUCTS_DIR; };
		04D91A2F1BBAB23E00833C16 /* AppDelegate.swift */ = {isa = PBXFileReference; lastKnownFileType = sourcecode.swift; path = AppDelegate.swift; sourceTree = "<group>"; };
		04D91A311BBAB23E00833C16 /* ViewController.swift */ = {isa = PBXFileReference; lastKnownFileType = sourcecode.swift; path = ViewController.swift; sourceTree = "<group>"; };
		04D91A341BBAB23E00833C16 /* Base */ = {isa = PBXFileReference; lastKnownFileType = file.storyboard; name = Base; path = Base.lproj/Main.storyboard; sourceTree = "<group>"; };
		04D91A361BBAB23E00833C16 /* Assets.xcassets */ = {isa = PBXFileReference; lastKnownFileType = folder.assetcatalog; path = Assets.xcassets; sourceTree = "<group>"; };
		04D91A391BBAB23E00833C16 /* Base */ = {isa = PBXFileReference; lastKnownFileType = file.storyboard; name = Base; path = Base.lproj/LaunchScreen.storyboard; sourceTree = "<group>"; };
		04D91A3B1BBAB23E00833C16 /* Info.plist */ = {isa = PBXFileReference; lastKnownFileType = text.plist.xml; path = Info.plist; sourceTree = "<group>"; };
		04E582681BBAB526004A4BDD /* conrds-collect.js */ = {isa = PBXFileReference; fileEncoding = 4; lastKnownFileType = sourcecode.javascript; path = "conrds-collect.js"; sourceTree = "<group>"; };
/* End PBXFileReference section */

/* Begin PBXFrameworksBuildPhase section */
		04D91A291BBAB23E00833C16 /* Frameworks */ = {
			isa = PBXFrameworksBuildPhase;
			buildActionMask = 2147483647;
			files = (
			);
			runOnlyForDeploymentPostprocessing = 0;
		};
/* End PBXFrameworksBuildPhase section */

/* Begin PBXGroup section */
		04D91A231BBAB23E00833C16 = {
			isa = PBXGroup;
			children = (
				04D91A2E1BBAB23E00833C16 /* ios-test */,
				04D91A2D1BBAB23E00833C16 /* Products */,
			);
			sourceTree = "<group>";
		};
		04D91A2D1BBAB23E00833C16 /* Products */ = {
			isa = PBXGroup;
			children = (
				04D91A2C1BBAB23E00833C16 /* ios-test.app */,
			);
			name = Products;
			sourceTree = "<group>";
		};
		04D91A2E1BBAB23E00833C16 /* ios-test */ = {
			isa = PBXGroup;
			children = (
				04E582681BBAB526004A4BDD /* conrds-collect.js */,
				04D91A2F1BBAB23E00833C16 /* AppDelegate.swift */,
				04D91A311BBAB23E00833C16 /* ViewController.swift */,
				04D91A331BBAB23E00833C16 /* Main.storyboard */,
				04D91A361BBAB23E00833C16 /* Assets.xcassets */,
				04D91A381BBAB23E00833C16 /* LaunchScreen.storyboard */,
				04D91A3B1BBAB23E00833C16 /* Info.plist */,
			);
			path = "ios-test";
			sourceTree = "<group>";
		};
/* End PBXGroup section */

/* Begin PBXNativeTarget section */
		04D91A2B1BBAB23E00833C16 /* ios-test */ = {
			isa = PBXNativeTarget;
			buildConfigurationList = 04D91A3E1BBAB23E00833C16 /* Build configuration list for PBXNativeTarget "ios-test" */;
			buildPhases = (
				04D91A281BBAB23E00833C16 /* Sources */,
				04D91A291BBAB23E00833C16 /* Frameworks */,
				04D91A2A1BBAB23E00833C16 /* Resources */,
			);
			buildRules = (
			);
			dependencies = (
			);
			name = "ios-test";
			productName = "ios-test";
			productReference = 04D91A2C1BBAB23E00833C16 /* ios-test.app */;
			productType = "com.apple.product-type.application";
		};
/* End PBXNativeTarget section */

/* Begin PBXProject section */
		04D91A241BBAB23E00833C16 /* Project object */ = {
			isa = PBXProject;
			attributes = {
				LastUpgradeCheck = 0700;
				ORGANIZATIONNAME = "其超 李";
				TargetAttributes = {
					04D91A2B1BBAB23E00833C16 = {
						CreatedOnToolsVersion = 7.0;
					};
				};
			};
			buildConfigurationList = 04D91A271BBAB23E00833C16 /* Build configuration list for PBXProject "ios-test" */;
			compatibilityVersion = "Xcode 3.2";
			developmentRegion = English;
			hasScannedForEncodings = 0;
			knownRegions = (
				en,
				Base,
			);
			mainGroup = 04D91A231BBAB23E00833C16;
			productRefGroup = 04D91A2D1BBAB23E00833C16 /* Products */;
			projectDirPath = "";
			projectRoot = "";
			targets = (
				04D91A2B1BBAB23E00833C16 /* ios-test */,
			);
		};
/* End PBXProject section */

/* Begin PBXResourcesBuildPhase section */
		04D91A2A1BBAB23E00833C16 /* Resources */ = {
			isa = PBXResourcesBuildPhase;
			buildActionMask = 2147483647;
			files = (
				04E582691BBAB526004A4BDD /* conrds-collect.js in Resources */,
				04D91A3A1BBAB23E00833C16 /* LaunchScreen.storyboard in Resources */,
				04D91A371BBAB23E00833C16 /* Assets.xcassets in Resources */,
				04D91A351BBAB23E00833C16 /* Main.storyboard in Resources */,
			);
			runOnlyForDeploymentPostprocessing = 0;
		};
/* End PBXResourcesBuildPhase section */

/* Begin PBXSourcesBuildPhase section */
		04D91A281BBAB23E00833C16 /* Sources */ = {
			isa = PBXSourcesBuildPhase;
			buildActionMask = 2147483647;
			files = (
				04D91A321BBAB23E00833C16 /* ViewController.swift in Sources */,
				04D91A301BBAB23E00833C16 /* AppDelegate.swift in Sources */,
			);
			runOnlyForDeploymentPostprocessing = 0;
		};
/* End PBXSourcesBuildPhase section */

/* Begin PBXVariantGroup section */
		04D91A331BBAB23E00833C16 /* Main.storyboard */ = {
			isa = PBXVariantGroup;
			children = (
				04D91A341BBAB23E00833C16 /* Base */,
			);
			name = Main.storyboard;
			sourceTree = "<group>";
		};
		04D91A381BBAB23E00833C16 /* LaunchScreen.storyboard */ = {
			isa = PBXVariantGroup;
			children = (
				04D91A391BBAB23E00833C16 /* Base */,
			);
			name = LaunchScreen.storyboard;
			sourceTree = "<group>";
		};
/* End PBXVariantGroup section */

/* Begin XCBuildConfiguration section */
		04D91A3C1BBAB23E00833C16 /* Debug */ = {
			isa = XCBuildConfiguration;
			buildSettings = {
				ALWAYS_SEARCH_USER_PATHS = NO;
				CLANG_CXX_LANGUAGE_STANDARD = "gnu++0x";
				CLANG_CXX_LIBRARY = "libc++";
				CLANG_ENABLE_MODULES = YES;
				CLANG_ENABLE_OBJC_ARC = YES;
				CLANG_WARN_BOOL_CONVERSION = YES;
				CLANG_WARN_CONSTANT_CONVERSION = YES;
				CLANG_WARN_DIRECT_OBJC_ISA_USAGE = YES_ERROR;
				CLANG_WARN_EMPTY_BODY = YES;
				CLANG_WARN_ENUM_CONVERSION = YES;
				CLANG_WARN_INT_CONVERSION = YES;
				CLANG_WARN_OBJC_ROOT_CLASS = YES_ERROR;
				CLANG_WARN_UNREACHABLE_CODE = YES;
				CLANG_WARN__DUPLICATE_METHOD_MATCH = YES;
				"CODE_SIGN_IDENTITY[sdk=iphoneos*]" = "iPhone Developer";
				COPY_PHASE_STRIP = NO;
				DEBUG_INFORMATION_FORMAT = dwarf;
				ENABLE_STRICT_OBJC_MSGSEND = YES;
				ENABLE_TESTABILITY = YES;
				GCC_C_LANGUAGE_STANDARD = gnu99;
				GCC_DYNAMIC_NO_PIC = NO;
				GCC_NO_COMMON_BLOCKS = YES;
				GCC_OPTIMIZATION_LEVEL = 0;
				GCC_PREPROCESSOR_DEFINITIONS = (
					"DEBUG=1",
					"$(inherited)",
				);
				GCC_WARN_64_TO_32_BIT_CONVERSION = YES;
				GCC_WARN_ABOUT_RETURN_TYPE = YES_ERROR;
				GCC_WARN_UNDECLARED_SELECTOR = YES;
				GCC_WARN_UNINITIALIZED_AUTOS = YES_AGGRESSIVE;
				GCC_WARN_UNUSED_FUNCTION = YES;
				GCC_WARN_UNUSED_VARIABLE = YES;
				IPHONEOS_DEPLOYMENT_TARGET = 9.0;
				MTL_ENABLE_DEBUG_INFO = YES;
				ONLY_ACTIVE_ARCH = YES;
				SDKROOT = iphoneos;
				SWIFT_OPTIMIZATION_LEVEL = "-Onone";
			};
			name = Debug;
		};
		04D91A3D1BBAB23E00833C16 /* Release */ = {
			isa = XCBuildConfiguration;
			buildSettings = {
				ALWAYS_SEARCH_USER_PATHS = NO;
				CLANG_CXX_LANGUAGE_STANDARD = "gnu++0x";
				CLANG_CXX_LIBRARY = "libc++";
				CLANG_ENABLE_MODULES = YES;
				CLANG_ENABLE_OBJC_ARC = YES;
				CLANG_WARN_BOOL_CONVERSION = YES;
				CLANG_WARN_CONSTANT_CONVERSION = YES;
				CLANG_WARN_DIRECT_OBJC_ISA_USAGE = YES_ERROR;
				CLANG_WARN_EMPTY_BODY = YES;
				CLANG_WARN_ENUM_CONVERSION = YES;
				CLANG_WARN_INT_CONVERSION = YES;
				CLANG_WARN_OBJC_ROOT_CLASS = YES_ERROR;
				CLANG_WARN_UNREACHABLE_CODE = YES;
				CLANG_WARN__DUPLICATE_METHOD_MATCH = YES;
				"CODE_SIGN_IDENTITY[sdk=iphoneos*]" = "iPhone Developer";
				COPY_PHASE_STRIP = NO;
				DEBUG_INFORMATION_FORMAT = "dwarf-with-dsym";
				ENABLE_NS_ASSERTIONS = NO;
				ENABLE_STRICT_OBJC_MSGSEND = YES;
				GCC_C_LANGUAGE_STANDARD = gnu99;
				GCC_NO_COMMON_BLOCKS = YES;
				GCC_WARN_64_TO_32_BIT_CONVERSION = YES;
				GCC_WARN_ABOUT_RETURN_TYPE = YES_ERROR;
				GCC_WARN_UNDECLARED_SELECTOR = YES;
				GCC_WARN_UNINITIALIZED_AUTOS = YES_AGGRESSIVE;
				GCC_WARN_UNUSED_FUNCTION = YES;
				GCC_WARN_UNUSED_VARIABLE = YES;
				IPHONEOS_DEPLOYMENT_TARGET = 9.0;
				MTL_ENABLE_DEBUG_INFO = NO;
				SDKROOT = iphoneos;
				VALIDATE_PRODUCT = YES;
			};
			name = Release;
		};
		04D91A3F1BBAB23E00833C16 /* Debug */ = {
			isa = XCBuildConfiguration;
			buildSettings = {
				ASSETCATALOG_COMPILER_APPICON_NAME = AppIcon;
				INFOPLIST_FILE = "ios-test/Info.plist";
				LD_RUNPATH_SEARCH_PATHS = "$(inherited) @executable_path/Frameworks";
				PRODUCT_BUNDLE_IDENTIFIER = "com.liqichao.ios-test";
				PRODUCT_NAME = "$(TARGET_NAME)";
			};
			name = Debug;
		};
		04D91A401BBAB23E00833C16 /* Release */ = {
			isa = XCBuildConfiguration;
			buildSettings = {
				ASSETCATALOG_COMPILER_APPICON_NAME = AppIcon;
				INFOPLIST_FILE = "ios-test/Info.plist";
				LD_RUNPATH_SEARCH_PATHS = "$(inherited) @executable_path/Frameworks";
				PRODUCT_BUNDLE_IDENTIFIER = "com.liqichao.ios-test";
				PRODUCT_NAME = "$(TARGET_NAME)";
			};
			name = Release;
		};
/* End XCBuildConfiguration section */

/* Begin XCConfigurationList section */
		04D91A271BBAB23E00833C16 /* Build configuration list for PBXProject "ios-test" */ = {
			isa = XCConfigurationList;
			buildConfigurations = (
				04D91A3C1BBAB23E00833C16 /* Debug */,
				04D91A3D1BBAB23E00833C16 /* Release */,
			);
			defaultConfigurationIsVisible = 0;
			defaultConfigurationName = Release;
		};
		04D91A3E1BBAB23E00833C16 /* Build configuration list for PBXNativeTarget "ios-test" */ = {
			isa = XCConfigurationList;
			buildConfigurations = (
				04D91A3F1BBAB23E00833C16 /* Debug */,
				04D91A401BBAB23E00833C16 /* Release */,
			);
			defaultConfigurationIsVisible = 0;
			defaultConfigurationName = Release;
		};
/* End XCConfigurationList section */
	};
	rootObject = 04D91A241BBAB23E00833C16 /* Project object */;
}
